// !$*UTF8*$!
{
	archiveVersion = 1;
	classes = {
	};
	objectVersion = 46;
	objects = {

/* Begin PBXBuildFile section */
		C807F5071C7A648D00B44A8A /* CustomTextField.swift in Sources */ = {isa = PBXBuildFile; fileRef = C807F5061C7A648D00B44A8A /* CustomTextField.swift */; };
		C807F5081C7AFBD800B44A8A /* Catamaran-Black.ttf in Resources */ = {isa = PBXBuildFile; fileRef = C84B66571C79377A00FB25ED /* Catamaran-Black.ttf */; };
		C807F5091C7AFBDC00B44A8A /* Catamaran-Bold.ttf in Resources */ = {isa = PBXBuildFile; fileRef = C84B66581C79377A00FB25ED /* Catamaran-Bold.ttf */; };
		C807F50A1C7AFBDF00B44A8A /* Catamaran-ExtraBold.ttf in Resources */ = {isa = PBXBuildFile; fileRef = C84B66591C79377A00FB25ED /* Catamaran-ExtraBold.ttf */; };
		C807F50B1C7AFBE200B44A8A /* Catamaran-ExtraLight.ttf in Resources */ = {isa = PBXBuildFile; fileRef = C84B665A1C79377A00FB25ED /* Catamaran-ExtraLight.ttf */; };
		C807F50C1C7AFBE500B44A8A /* Catamaran-Light.ttf in Resources */ = {isa = PBXBuildFile; fileRef = C84B665B1C79377A00FB25ED /* Catamaran-Light.ttf */; };
		C807F50D1C7AFBE800B44A8A /* Catamaran-Medium.ttf in Resources */ = {isa = PBXBuildFile; fileRef = C84B665C1C79377A00FB25ED /* Catamaran-Medium.ttf */; };
		C807F50E1C7AFBEB00B44A8A /* Catamaran-Regular.ttf in Resources */ = {isa = PBXBuildFile; fileRef = C84B665D1C79377A00FB25ED /* Catamaran-Regular.ttf */; };
		C807F50F1C7AFBEE00B44A8A /* Catamaran-SemiBold.ttf in Resources */ = {isa = PBXBuildFile; fileRef = C84B665E1C79377A00FB25ED /* Catamaran-SemiBold.ttf */; };
		C807F5101C7AFBF100B44A8A /* Catamaran-Thin.ttf in Resources */ = {isa = PBXBuildFile; fileRef = C84B665F1C79377A00FB25ED /* Catamaran-Thin.ttf */; };
		C8AAB2FC1C789F1E00376ED0 /* AppDelegate.swift in Sources */ = {isa = PBXBuildFile; fileRef = C8AAB2FB1C789F1E00376ED0 /* AppDelegate.swift */; };
		C8AAB2FE1C789F1E00376ED0 /* MainVC.swift in Sources */ = {isa = PBXBuildFile; fileRef = C8AAB2FD1C789F1E00376ED0 /* MainVC.swift */; };
		C8AAB3011C789F1E00376ED0 /* Main.storyboard in Resources */ = {isa = PBXBuildFile; fileRef = C8AAB2FF1C789F1E00376ED0 /* Main.storyboard */; };
		C8AAB3041C789F1E00376ED0 /* Favourite_Films.xcdatamodeld in Sources */ = {isa = PBXBuildFile; fileRef = C8AAB3021C789F1E00376ED0 /* Favourite_Films.xcdatamodeld */; };
		C8AAB3061C789F1E00376ED0 /* Assets.xcassets in Resources */ = {isa = PBXBuildFile; fileRef = C8AAB3051C789F1E00376ED0 /* Assets.xcassets */; };
		C8AAB3091C789F1E00376ED0 /* LaunchScreen.storyboard in Resources */ = {isa = PBXBuildFile; fileRef = C8AAB3071C789F1E00376ED0 /* LaunchScreen.storyboard */; };
		C8C2C2BC1C791E100030F279 /* DetailVC.swift in Sources */ = {isa = PBXBuildFile; fileRef = C8C2C2BB1C791E100030F279 /* DetailVC.swift */; };
		C8E41B211C7B7AE5009ABB0E /* StarRating.swift in Sources */ = {isa = PBXBuildFile; fileRef = C8E41B201C7B7AE5009ABB0E /* StarRating.swift */; };
		C8E41B231C7D0625009ABB0E /* CustomTextView.swift in Sources */ = {isa = PBXBuildFile; fileRef = C8E41B221C7D0625009ABB0E /* CustomTextView.swift */; };
		C8E41B251C7D0722009ABB0E /* ExtensionAppColors.swift in Sources */ = {isa = PBXBuildFile; fileRef = C8E41B241C7D0722009ABB0E /* ExtensionAppColors.swift */; };
		C8E41B451C7E2AAE009ABB0E /* FilmImageButton.swift in Sources */ = {isa = PBXBuildFile; fileRef = C8E41B441C7E2AAE009ABB0E /* FilmImageButton.swift */; };
		C8E41B481C7FB572009ABB0E /* TableViewController.swift in Sources */ = {isa = PBXBuildFile; fileRef = C8E41B471C7FB572009ABB0E /* TableViewController.swift */; };
		C8E41B4A1C7FBA0C009ABB0E /* FilmCell.swift in Sources */ = {isa = PBXBuildFile; fileRef = C8E41B491C7FBA0C009ABB0E /* FilmCell.swift */; };
/* End PBXBuildFile section */

/* Begin PBXFileReference section */
		C807F5061C7A648D00B44A8A /* CustomTextField.swift */ = {isa = PBXFileReference; fileEncoding = 4; lastKnownFileType = sourcecode.swift; path = CustomTextField.swift; sourceTree = "<group>"; };
		C84B66571C79377A00FB25ED /* Catamaran-Black.ttf */ = {isa = PBXFileReference; lastKnownFileType = file; path = "Catamaran-Black.ttf"; sourceTree = "<group>"; };
		C84B66581C79377A00FB25ED /* Catamaran-Bold.ttf */ = {isa = PBXFileReference; lastKnownFileType = file; path = "Catamaran-Bold.ttf"; sourceTree = "<group>"; };
		C84B66591C79377A00FB25ED /* Catamaran-ExtraBold.ttf */ = {isa = PBXFileReference; lastKnownFileType = file; path = "Catamaran-ExtraBold.ttf"; sourceTree = "<group>"; };
		C84B665A1C79377A00FB25ED /* Catamaran-ExtraLight.ttf */ = {isa = PBXFileReference; lastKnownFileType = file; path = "Catamaran-ExtraLight.ttf"; sourceTree = "<group>"; };
		C84B665B1C79377A00FB25ED /* Catamaran-Light.ttf */ = {isa = PBXFileReference; lastKnownFileType = file; path = "Catamaran-Light.ttf"; sourceTree = "<group>"; };
		C84B665C1C79377A00FB25ED /* Catamaran-Medium.ttf */ = {isa = PBXFileReference; lastKnownFileType = file; path = "Catamaran-Medium.ttf"; sourceTree = "<group>"; };
		C84B665D1C79377A00FB25ED /* Catamaran-Regular.ttf */ = {isa = PBXFileReference; lastKnownFileType = file; path = "Catamaran-Regular.ttf"; sourceTree = "<group>"; };
		C84B665E1C79377A00FB25ED /* Catamaran-SemiBold.ttf */ = {isa = PBXFileReference; lastKnownFileType = file; path = "Catamaran-SemiBold.ttf"; sourceTree = "<group>"; };
		C84B665F1C79377A00FB25ED /* Catamaran-Thin.ttf */ = {isa = PBXFileReference; lastKnownFileType = file; path = "Catamaran-Thin.ttf"; sourceTree = "<group>"; };
		C8AAB2F81C789F1E00376ED0 /* Favourite-Films.app */ = {isa = PBXFileReference; explicitFileType = wrapper.application; includeInIndex = 0; path = "Favourite-Films.app"; sourceTree = BUILT_PRODUCTS_DIR; };
		C8AAB2FB1C789F1E00376ED0 /* AppDelegate.swift */ = {isa = PBXFileReference; lastKnownFileType = sourcecode.swift; path = AppDelegate.swift; sourceTree = "<group>"; };
		C8AAB2FD1C789F1E00376ED0 /* MainVC.swift */ = {isa = PBXFileReference; lastKnownFileType = sourcecode.swift; path = MainVC.swift; sourceTree = "<group>"; };
		C8AAB3001C789F1E00376ED0 /* Base */ = {isa = PBXFileReference; lastKnownFileType = file.storyboard; name = Base; path = Base.lproj/Main.storyboard; sourceTree = "<group>"; };
		C8AAB3031C789F1E00376ED0 /* Favourite_Films.xcdatamodel */ = {isa = PBXFileReference; lastKnownFileType = wrapper.xcdatamodel; path = Favourite_Films.xcdatamodel; sourceTree = "<group>"; };
		C8AAB3051C789F1E00376ED0 /* Assets.xcassets */ = {isa = PBXFileReference; lastKnownFileType = folder.assetcatalog; path = Assets.xcassets; sourceTree = "<group>"; };
		C8AAB3081C789F1E00376ED0 /* Base */ = {isa = PBXFileReference; lastKnownFileType = file.storyboard; name = Base; path = Base.lproj/LaunchScreen.storyboard; sourceTree = "<group>"; };
		C8AAB30A1C789F1E00376ED0 /* Info.plist */ = {isa = PBXFileReference; lastKnownFileType = text.plist.xml; path = Info.plist; sourceTree = "<group>"; };
		C8C2C2BB1C791E100030F279 /* DetailVC.swift */ = {isa = PBXFileReference; fileEncoding = 4; lastKnownFileType = sourcecode.swift; path = DetailVC.swift; sourceTree = "<group>"; };
		C8E41B201C7B7AE5009ABB0E /* StarRating.swift */ = {isa = PBXFileReference; fileEncoding = 4; lastKnownFileType = sourcecode.swift; path = StarRating.swift; sourceTree = "<group>"; };
		C8E41B221C7D0625009ABB0E /* CustomTextView.swift */ = {isa = PBXFileReference; fileEncoding = 4; lastKnownFileType = sourcecode.swift; path = CustomTextView.swift; sourceTree = "<group>"; };
		C8E41B241C7D0722009ABB0E /* ExtensionAppColors.swift */ = {isa = PBXFileReference; fileEncoding = 4; lastKnownFileType = sourcecode.swift; path = ExtensionAppColors.swift; sourceTree = "<group>"; };
		C8E41B441C7E2AAE009ABB0E /* FilmImageButton.swift */ = {isa = PBXFileReference; fileEncoding = 4; lastKnownFileType = sourcecode.swift; path = FilmImageButton.swift; sourceTree = "<group>"; };
		C8E41B471C7FB572009ABB0E /* TableViewController.swift */ = {isa = PBXFileReference; fileEncoding = 4; lastKnownFileType = sourcecode.swift; path = TableViewController.swift; sourceTree = "<group>"; };
		C8E41B491C7FBA0C009ABB0E /* FilmCell.swift */ = {isa = PBXFileReference; fileEncoding = 4; lastKnownFileType = sourcecode.swift; path = FilmCell.swift; sourceTree = "<group>"; };
/* End PBXFileReference section */

/* Begin PBXFrameworksBuildPhase section */
		C8AAB2F51C789F1E00376ED0 /* Frameworks */ = {
			isa = PBXFrameworksBuildPhase;
			buildActionMask = 2147483647;
			files = (
			);
			runOnlyForDeploymentPostprocessing = 0;
		};
/* End PBXFrameworksBuildPhase section */

/* Begin PBXGroup section */
		C84B66551C7934FD00FB25ED /* Fonts */ = {
			isa = PBXGroup;
			children = (
				C84B66571C79377A00FB25ED /* Catamaran-Black.ttf */,
				C84B66581C79377A00FB25ED /* Catamaran-Bold.ttf */,
				C84B66591C79377A00FB25ED /* Catamaran-ExtraBold.ttf */,
				C84B665A1C79377A00FB25ED /* Catamaran-ExtraLight.ttf */,
				C84B665B1C79377A00FB25ED /* Catamaran-Light.ttf */,
				C84B665C1C79377A00FB25ED /* Catamaran-Medium.ttf */,
				C84B665D1C79377A00FB25ED /* Catamaran-Regular.ttf */,
				C84B665E1C79377A00FB25ED /* Catamaran-SemiBold.ttf */,
				C84B665F1C79377A00FB25ED /* Catamaran-Thin.ttf */,
			);
			name = Fonts;
			sourceTree = "<group>";
		};
		C8AAB2EF1C789F1E00376ED0 = {
			isa = PBXGroup;
			children = (
				C8AAB2FA1C789F1E00376ED0 /* Favourite-Films */,
				C8AAB2F91C789F1E00376ED0 /* Products */,
			);
			sourceTree = "<group>";
		};
		C8AAB2F91C789F1E00376ED0 /* Products */ = {
			isa = PBXGroup;
			children = (
				C8AAB2F81C789F1E00376ED0 /* Favourite-Films.app */,
			);
			name = Products;
			sourceTree = "<group>";
		};
		C8AAB2FA1C789F1E00376ED0 /* Favourite-Films */ = {
			isa = PBXGroup;
			children = (
				C8E41B461C7E7989009ABB0E /* Resources */,
				C8C2C2B81C7918C30030F279 /* Controller */,
				C8C2C2B71C7918BD0030F279 /* View */,
				C8C2C2B61C7918930030F279 /* Model */,
				C8AAB2FB1C789F1E00376ED0 /* AppDelegate.swift */,
				C8AAB3051C789F1E00376ED0 /* Assets.xcassets */,
				C8AAB30A1C789F1E00376ED0 /* Info.plist */,
				C8AAB3021C789F1E00376ED0 /* Favourite_Films.xcdatamodeld */,
			);
			path = "Favourite-Films";
			sourceTree = "<group>";
		};
		C8C2C2B61C7918930030F279 /* Model */ = {
			isa = PBXGroup;
			children = (
			);
			name = Model;
			sourceTree = "<group>";
		};
		C8C2C2B71C7918BD0030F279 /* View */ = {
			isa = PBXGroup;
			children = (
				C8AAB3071C789F1E00376ED0 /* LaunchScreen.storyboard */,
				C8AAB2FF1C789F1E00376ED0 /* Main.storyboard */,
				C807F5061C7A648D00B44A8A /* CustomTextField.swift */,
				C8E41B221C7D0625009ABB0E /* CustomTextView.swift */,
				C8E41B241C7D0722009ABB0E /* ExtensionAppColors.swift */,
				C8E41B441C7E2AAE009ABB0E /* FilmImageButton.swift */,
				C8E41B201C7B7AE5009ABB0E /* StarRating.swift */,
			);
			name = View;
			sourceTree = "<group>";
		};
		C8C2C2B81C7918C30030F279 /* Controller */ = {
			isa = PBXGroup;
			children = (
				C8AAB2FD1C789F1E00376ED0 /* MainVC.swift */,
				C8C2C2BB1C791E100030F279 /* DetailVC.swift */,
				C8E41B471C7FB572009ABB0E /* TableViewController.swift */,
				C8E41B491C7FBA0C009ABB0E /* FilmCell.swift */,
			);
			name = Controller;
			sourceTree = "<group>";
		};
		C8E41B461C7E7989009ABB0E /* Resources */ = {
			isa = PBXGroup;
			children = (
				C84B66551C7934FD00FB25ED /* Fonts */,
			);
			name = Resources;
			sourceTree = "<group>";
		};
/* End PBXGroup section */

/* Begin PBXNativeTarget section */
		C8AAB2F71C789F1E00376ED0 /* Favourite-Films */ = {
			isa = PBXNativeTarget;
			buildConfigurationList = C8AAB30D1C789F1E00376ED0 /* Build configuration list for PBXNativeTarget "Favourite-Films" */;
			buildPhases = (
				C8AAB2F41C789F1E00376ED0 /* Sources */,
				C8AAB2F51C789F1E00376ED0 /* Frameworks */,
				C8AAB2F61C789F1E00376ED0 /* Resources */,
			);
			buildRules = (
			);
			dependencies = (
			);
			name = "Favourite-Films";
			productName = "Favourite-Films";
			productReference = C8AAB2F81C789F1E00376ED0 /* Favourite-Films.app */;
			productType = "com.apple.product-type.application";
		};
/* End PBXNativeTarget section */

/* Begin PBXProject section */
		C8AAB2F01C789F1E00376ED0 /* Project object */ = {
			isa = PBXProject;
			attributes = {
				LastSwiftUpdateCheck = 0720;
				LastUpgradeCheck = 0720;
				ORGANIZATIONNAME = JustOneJess;
				TargetAttributes = {
					C8AAB2F71C789F1E00376ED0 = {
						CreatedOnToolsVersion = 7.2.1;
					};
				};
			};
			buildConfigurationList = C8AAB2F31C789F1E00376ED0 /* Build configuration list for PBXProject "Favourite-Films" */;
			compatibilityVersion = "Xcode 3.2";
			developmentRegion = English;
			hasScannedForEncodings = 0;
			knownRegions = (
				en,
				Base,
			);
			mainGroup = C8AAB2EF1C789F1E00376ED0;
			productRefGroup = C8AAB2F91C789F1E00376ED0 /* Products */;
			projectDirPath = "";
			projectRoot = "";
			targets = (
				C8AAB2F71C789F1E00376ED0 /* Favourite-Films */,
			);
		};
/* End PBXProject section */

/* Begin PBXResourcesBuildPhase section */
		C8AAB2F61C789F1E00376ED0 /* Resources */ = {
			isa = PBXResourcesBuildPhase;
			buildActionMask = 2147483647;
			files = (
				C807F50F1C7AFBEE00B44A8A /* Catamaran-SemiBold.ttf in Resources */,
				C807F50E1C7AFBEB00B44A8A /* Catamaran-Regular.ttf in Resources */,
				C807F5101C7AFBF100B44A8A /* Catamaran-Thin.ttf in Resources */,
				C8AAB3091C789F1E00376ED0 /* LaunchScreen.storyboard in Resources */,
				C807F5081C7AFBD800B44A8A /* Catamaran-Black.ttf in Resources */,
				C807F5091C7AFBDC00B44A8A /* Catamaran-Bold.ttf in Resources */,
				C8AAB3061C789F1E00376ED0 /* Assets.xcassets in Resources */,
				C807F50C1C7AFBE500B44A8A /* Catamaran-Light.ttf in Resources */,
				C8AAB3011C789F1E00376ED0 /* Main.storyboard in Resources */,
				C807F50A1C7AFBDF00B44A8A /* Catamaran-ExtraBold.ttf in Resources */,
				C807F50D1C7AFBE800B44A8A /* Catamaran-Medium.ttf in Resources */,
				C807F50B1C7AFBE200B44A8A /* Catamaran-ExtraLight.ttf in Resources */,
			);
			runOnlyForDeploymentPostprocessing = 0;
		};
/* End PBXResourcesBuildPhase section */

/* Begin PBXSourcesBuildPhase section */
		C8AAB2F41C789F1E00376ED0 /* Sources */ = {
			isa = PBXSourcesBuildPhase;
			buildActionMask = 2147483647;
			files = (
				C8C2C2BC1C791E100030F279 /* DetailVC.swift in Sources */,
				C8AAB2FE1C789F1E00376ED0 /* MainVC.swift in Sources */,
				C8E41B451C7E2AAE009ABB0E /* FilmImageButton.swift in Sources */,
				C8E41B481C7FB572009ABB0E /* TableViewController.swift in Sources */,
				C8E41B211C7B7AE5009ABB0E /* StarRating.swift in Sources */,
				C8AAB3041C789F1E00376ED0 /* Favourite_Films.xcdatamodeld in Sources */,
				C8E41B231C7D0625009ABB0E /* CustomTextView.swift in Sources */,
				C8AAB2FC1C789F1E00376ED0 /* AppDelegate.swift in Sources */,
				C807F5071C7A648D00B44A8A /* CustomTextField.swift in Sources */,
				C8E41B251C7D0722009ABB0E /* ExtensionAppColors.swift in Sources */,
				C8E41B4A1C7FBA0C009ABB0E /* FilmCell.swift in Sources */,
			);
			runOnlyForDeploymentPostprocessing = 0;
		};
/* End PBXSourcesBuildPhase section */

/* Begin PBXVariantGroup section */
		C8AAB2FF1C789F1E00376ED0 /* Main.storyboard */ = {
			isa = PBXVariantGroup;
			children = (
				C8AAB3001C789F1E00376ED0 /* Base */,
			);
			name = Main.storyboard;
			sourceTree = "<group>";
		};
		C8AAB3071C789F1E00376ED0 /* LaunchScreen.storyboard */ = {
			isa = PBXVariantGroup;
			children = (
				C8AAB3081C789F1E00376ED0 /* Base */,
			);
			name = LaunchScreen.storyboard;
			sourceTree = "<group>";
		};
/* End PBXVariantGroup section */

/* Begin XCBuildConfiguration section */
		C8AAB30B1C789F1E00376ED0 /* Debug */ = {
			isa = XCBuildConfiguration;
			buildSettings = {
				ALWAYS_SEARCH_USER_PATHS = NO;
				CLANG_CXX_LANGUAGE_STANDARD = "gnu++0x";
				CLANG_CXX_LIBRARY = "libc++";
				CLANG_ENABLE_MODULES = YES;
				CLANG_ENABLE_OBJC_ARC = YES;
				CLANG_WARN_BOOL_CONVERSION = YES;
				CLANG_WARN_CONSTANT_CONVERSION = YES;
				CLANG_WARN_DIRECT_OBJC_ISA_USAGE = YES_ERROR;
				CLANG_WARN_EMPTY_BODY = YES;
				CLANG_WARN_ENUM_CONVERSION = YES;
				CLANG_WARN_INT_CONVERSION = YES;
				CLANG_WARN_OBJC_ROOT_CLASS = YES_ERROR;
				CLANG_WARN_UNREACHABLE_CODE = YES;
				CLANG_WARN__DUPLICATE_METHOD_MATCH = YES;
				"CODE_SIGN_IDENTITY[sdk=iphoneos*]" = "iPhone Developer";
				COPY_PHASE_STRIP = NO;
				DEBUG_INFORMATION_FORMAT = dwarf;
				ENABLE_STRICT_OBJC_MSGSEND = YES;
				ENABLE_TESTABILITY = YES;
				GCC_C_LANGUAGE_STANDARD = gnu99;
				GCC_DYNAMIC_NO_PIC = NO;
				GCC_NO_COMMON_BLOCKS = YES;
				GCC_OPTIMIZATION_LEVEL = 0;
				GCC_PREPROCESSOR_DEFINITIONS = (
					"DEBUG=1",
					"$(inherited)",
				);
				GCC_WARN_64_TO_32_BIT_CONVERSION = YES;
				GCC_WARN_ABOUT_RETURN_TYPE = YES_ERROR;
				GCC_WARN_UNDECLARED_SELECTOR = YES;
				GCC_WARN_UNINITIALIZED_AUTOS = YES_AGGRESSIVE;
				GCC_WARN_UNUSED_FUNCTION = YES;
				GCC_WARN_UNUSED_VARIABLE = YES;
				IPHONEOS_DEPLOYMENT_TARGET = 9.2;
				MTL_ENABLE_DEBUG_INFO = YES;
				ONLY_ACTIVE_ARCH = YES;
				SDKROOT = iphoneos;
				SWIFT_OPTIMIZATION_LEVEL = "-Onone";
				TARGETED_DEVICE_FAMILY = "1,2";
			};
			name = Debug;
		};
		C8AAB30C1C789F1E00376ED0 /* Release */ = {
			isa = XCBuildConfiguration;
			buildSettings = {
				ALWAYS_SEARCH_USER_PATHS = NO;
				CLANG_CXX_LANGUAGE_STANDARD = "gnu++0x";
				CLANG_CXX_LIBRARY = "libc++";
				CLANG_ENABLE_MODULES = YES;
				CLANG_ENABLE_OBJC_ARC = YES;
				CLANG_WARN_BOOL_CONVERSION = YES;
				CLANG_WARN_CONSTANT_CONVERSION = YES;
				CLANG_WARN_DIRECT_OBJC_ISA_USAGE = YES_ERROR;
				CLANG_WARN_EMPTY_BODY = YES;
				CLANG_WARN_ENUM_CONVERSION = YES;
				CLANG_WARN_INT_CONVERSION = YES;
				CLANG_WARN_OBJC_ROOT_CLASS = YES_ERROR;
				CLANG_WARN_UNREACHABLE_CODE = YES;
				CLANG_WARN__DUPLICATE_METHOD_MATCH = YES;
				"CODE_SIGN_IDENTITY[sdk=iphoneos*]" = "iPhone Developer";
				COPY_PHASE_STRIP = NO;
				DEBUG_INFORMATION_FORMAT = "dwarf-with-dsym";
				ENABLE_NS_ASSERTIONS = NO;
				ENABLE_STRICT_OBJC_MSGSEND = YES;
				GCC_C_LANGUAGE_STANDARD = gnu99;
				GCC_NO_COMMON_BLOCKS = YES;
				GCC_WARN_64_TO_32_BIT_CONVERSION = YES;
				GCC_WARN_ABOUT_RETURN_TYPE = YES_ERROR;
				GCC_WARN_UNDECLARED_SELECTOR = YES;
				GCC_WARN_UNINITIALIZED_AUTOS = YES_AGGRESSIVE;
				GCC_WARN_UNUSED_FUNCTION = YES;
				GCC_WARN_UNUSED_VARIABLE = YES;
				IPHONEOS_DEPLOYMENT_TARGET = 9.2;
				MTL_ENABLE_DEBUG_INFO = NO;
				SDKROOT = iphoneos;
				TARGETED_DEVICE_FAMILY = "1,2";
				VALIDATE_PRODUCT = YES;
			};
			name = Release;
		};
		C8AAB30E1C789F1E00376ED0 /* Debug */ = {
			isa = XCBuildConfiguration;
			buildSettings = {
				ASSETCATALOG_COMPILER_APPICON_NAME = AppIcon;
				INFOPLIST_FILE = "Favourite-Films/Info.plist";
				LD_RUNPATH_SEARCH_PATHS = "$(inherited) @executable_path/Frameworks";
				PRODUCT_BUNDLE_IDENTIFIER = "com.justonejess.Favourite-Films";
				PRODUCT_NAME = "$(TARGET_NAME)";
			};
			name = Debug;
		};
		C8AAB30F1C789F1E00376ED0 /* Release */ = {
			isa = XCBuildConfiguration;
			buildSettings = {
				ASSETCATALOG_COMPILER_APPICON_NAME = AppIcon;
				INFOPLIST_FILE = "Favourite-Films/Info.plist";
				LD_RUNPATH_SEARCH_PATHS = "$(inherited) @executable_path/Frameworks";
				PRODUCT_BUNDLE_IDENTIFIER = "com.justonejess.Favourite-Films";
				PRODUCT_NAME = "$(TARGET_NAME)";
			};
			name = Release;
		};
/* End XCBuildConfiguration section */

/* Begin XCConfigurationList section */
		C8AAB2F31C789F1E00376ED0 /* Build configuration list for PBXProject "Favourite-Films" */ = {
			isa = XCConfigurationList;
			buildConfigurations = (
				C8AAB30B1C789F1E00376ED0 /* Debug */,
				C8AAB30C1C789F1E00376ED0 /* Release */,
			);
			defaultConfigurationIsVisible = 0;
			defaultConfigurationName = Release;
		};
		C8AAB30D1C789F1E00376ED0 /* Build configuration list for PBXNativeTarget "Favourite-Films" */ = {
			isa = XCConfigurationList;
			buildConfigurations = (
				C8AAB30E1C789F1E00376ED0 /* Debug */,
				C8AAB30F1C789F1E00376ED0 /* Release */,
			);
			defaultConfigurationIsVisible = 0;
			defaultConfigurationName = Release;
		};
/* End XCConfigurationList section */

/* Begin XCVersionGroup section */
		C8AAB3021C789F1E00376ED0 /* Favourite_Films.xcdatamodeld */ = {
			isa = XCVersionGroup;
			children = (
				C8AAB3031C789F1E00376ED0 /* Favourite_Films.xcdatamodel */,
			);
			currentVersion = C8AAB3031C789F1E00376ED0 /* Favourite_Films.xcdatamodel */;
			path = Favourite_Films.xcdatamodeld;
			sourceTree = "<group>";
			versionGroupType = wrapper.xcdatamodel;
		};
/* End XCVersionGroup section */
	};
	rootObject = C8AAB2F01C789F1E00376ED0 /* Project object */;
}
